
Microsoft Visual Studio Solution File, Format Version 12.00
# Visual Studio 15
VisualStudioVersion = 15.0.27130.2036
MinimumVisualStudioVersion = 10.0.40219.1
Project("{FAE04EC0-301F-11D3-BF4B-00C04F79EFBC}") = "Portfolio", "Portfolio\Portfolio.csproj", "{37383CA5-A8AF-46C2-A792-B61887C4D9A0}"
EndProject
Global
	GlobalSection(SolutionConfigurationPlatforms) = preSolution
		Debug|Any CPU = Debug|Any CPU
		Release|Any CPU = Release|Any CPU
	EndGlobalSection
	GlobalSection(ProjectConfigurationPlatforms) = postSolution
		{37383CA5-A8AF-46C2-A792-B61887C4D9A0}.Debug|Any CPU.ActiveCfg = Debug|Any CPU
		{37383CA5-A8AF-46C2-A792-B61887C4D9A0}.Debug|Any CPU.Build.0 = Debug|Any CPU
		{37383CA5-A8AF-46C2-A792-B61887C4D9A0}.Release|Any CPU.ActiveCfg = Release|Any CPU
		{37383CA5-A8AF-46C2-A792-B61887C4D9A0}.Release|Any CPU.Build.0 = Release|Any CPU
	EndGlobalSection
	GlobalSection(SolutionProperties) = preSolution
		HideSolutionNode = FALSE
	EndGlobalSection
	GlobalSection(ExtensibilityGlobals) = postSolution
		SolutionGuid = {8EE86249-93B0-425A-AE00-4FCDF967DE8B}
	EndGlobalSection
EndGlobal
